
Microsoft Visual Studio Solution File, Format Version 12.00
Project("{FAE04EC0-301F-11D3-BF4B-00C04F79EFBC}") = "And.TimeTracker.Data", "And.TimeTracker.Data\And.TimeTracker.Data.csproj", "{F434F858-454C-49A0-AD10-1F931CB0AA45}"
EndProject
Project("{FAE04EC0-301F-11D3-BF4B-00C04F79EFBC}") = "And.TimeTracker.Api", "And.TimeTracker.Api\And.TimeTracker.Api.csproj", "{80E42A9E-5136-4C11-960A-3C97F19C3D44}"
EndProject
Global
	GlobalSection(SolutionConfigurationPlatforms) = preSolution
		Debug|Any CPU = Debug|Any CPU
		Release|Any CPU = Release|Any CPU
	EndGlobalSection
	GlobalSection(ProjectConfigurationPlatforms) = postSolution
		{F434F858-454C-49A0-AD10-1F931CB0AA45}.Debug|Any CPU.ActiveCfg = Debug|Any CPU
		{F434F858-454C-49A0-AD10-1F931CB0AA45}.Debug|Any CPU.Build.0 = Debug|Any CPU
		{F434F858-454C-49A0-AD10-1F931CB0AA45}.Release|Any CPU.ActiveCfg = Release|Any CPU
		{F434F858-454C-49A0-AD10-1F931CB0AA45}.Release|Any CPU.Build.0 = Release|Any CPU
		{80E42A9E-5136-4C11-960A-3C97F19C3D44}.Debug|Any CPU.ActiveCfg = Debug|Any CPU
		{80E42A9E-5136-4C11-960A-3C97F19C3D44}.Debug|Any CPU.Build.0 = Debug|Any CPU
		{80E42A9E-5136-4C11-960A-3C97F19C3D44}.Release|Any CPU.ActiveCfg = Release|Any CPU
		{80E42A9E-5136-4C11-960A-3C97F19C3D44}.Release|Any CPU.Build.0 = Release|Any CPU
	EndGlobalSection
EndGlobal
